<?xml version="1.0" encoding="utf-8"?>
<Project ToolsVersion="4.0" xmlns="http://schemas.microsoft.com/developer/msbuild/2003">
  <ItemGroup>
    <Filter Include="Header Files">
      <UniqueIdentifier>{93995380-89BD-4b04-88EB-625FBE52EBFB}</UniqueIdentifier>
      <Extensions>h;hh;hpp;hxx;hm;inl;inc;xsd</Extensions>
    </Filter>
    <Filter Include="Resource Files">
      <UniqueIdentifier>{67DA6AB6-F800-4c08-8B7A-83BB121AAD01}</UniqueIdentifier>
      <Extensions>rc;ico;cur;bmp;dlg;rc2;rct;bin;rgs;gif;jpg;jpeg;jpe;resx;tiff;tif;png;wav;mfcribbon-ms</Extensions>
    </Filter>
    <Filter Include="Header Files\Components">
      <UniqueIdentifier>{c9c8b9df-3618-4dbb-b8f6-ab37abbabe27}</UniqueIdentifier>
    </Filter>
    <Filter Include="Game Files">
      <UniqueIdentifier>{4FC737F1-C7A5-4376-A066-2A32D752A2FF}</UniqueIdentifier>
      <Extensions>cpp;c;cc;cxx;def;odl;idl;hpj;bat;asm;asmx</Extensions>
    </Filter>
    <Filter Include="Game Files\Components">
      <UniqueIdentifier>{17909d9a-9a50-43b9-930a-2f6b13b60da9}</UniqueIdentifier>
    </Filter>
    <Filter Include="Game Files\ImGui">
      <UniqueIdentifier>{29f1e9a1-2fc9-4cf1-b028-ea64363e2fd0}</UniqueIdentifier>
    </Filter>
    <Filter Include="Game Files\Commands">
      <UniqueIdentifier>{94b71eb1-1b99-471e-bdd4-10247eb27e98}</UniqueIdentifier>
    </Filter>
    <Filter Include="Game Files\ObserverAndSubjects">
      <UniqueIdentifier>{3efd0a4e-cb5d-4968-9bca-8a9ee37d1c6f}</UniqueIdentifier>
    </Filter>
    <Filter Include="Game Files\ObserverAndSubjects\Observers">
      <UniqueIdentifier>{965b265f-3d12-4608-9c24-0ddf84a919cc}</UniqueIdentifier>
    </Filter>
    <Filter Include="Game Files\ObserverAndSubjects\Subjects">
      <UniqueIdentifier>{9020ea02-7c99-40df-bce3-bb2354ba4042}</UniqueIdentifier>
    </Filter>
    <Filter Include="Game Files\ObjectStats">
      <UniqueIdentifier>{f1e7d0a8-a29d-4c41-805d-43aa414af356}</UniqueIdentifier>
    </Filter>
    <Filter Include="Game Files\Components\TextComponents">
      <UniqueIdentifier>{5ee8d594-b68a-483d-8772-44cdd9d13c11}</UniqueIdentifier>
    </Filter>
    <Filter Include="Game Files\Components\Location">
      <UniqueIdentifier>{bf7e8952-d592-4591-8f77-39eb5403fa48}</UniqueIdentifier>
    </Filter>
    <Filter Include="Game Files\Components\Base">
      <UniqueIdentifier>{f7073148-acda-4731-ab7d-63fd83046d08}</UniqueIdentifier>
    </Filter>
  </ItemGroup>
  <ItemGroup>
    <ClInclude Include="Singleton.h">
      <Filter>Header Files</Filter>
    </ClInclude>
    <ClInclude Include="ResourceManager.h">
      <Filter>Header Files</Filter>
    </ClInclude>
    <ClInclude Include="Renderer.h">
      <Filter>Header Files</Filter>
    </ClInclude>
    <ClInclude Include="Texture2D.h">
      <Filter>Header Files</Filter>
    </ClInclude>
    <ClInclude Include="InputManager.h">
      <Filter>Header Files</Filter>
    </ClInclude>
    <ClInclude Include="GameObject.h">
      <Filter>Header Files</Filter>
    </ClInclude>
    <ClInclude Include="Scene.h">
      <Filter>Header Files</Filter>
    </ClInclude>
    <ClInclude Include="SceneManager.h">
      <Filter>Header Files</Filter>
    </ClInclude>
    <ClInclude Include="TextObject.h">
      <Filter>Header Files</Filter>
    </ClInclude>
    <ClInclude Include="Font.h">
      <Filter>Header Files</Filter>
    </ClInclude>
    <ClInclude Include="Minigin.h">
      <Filter>Header Files</Filter>
    </ClInclude>
    <ClInclude Include="RenderComponent.h">
      <Filter>Header Files</Filter>
    </ClInclude>
    <ClInclude Include="imconfig.h">
      <Filter>Header Files</Filter>
    </ClInclude>
    <ClInclude Include="imgui.h">
      <Filter>Game Files\ImGui</Filter>
    </ClInclude>
    <ClInclude Include="imgui_impl_opengl2.h">
      <Filter>Game Files\ImGui</Filter>
    </ClInclude>
    <ClInclude Include="imgui_impl_sdl2.h">
      <Filter>Game Files\ImGui</Filter>
    </ClInclude>
    <ClInclude Include="imgui_internal.h">
      <Filter>Game Files\ImGui</Filter>
    </ClInclude>
    <ClInclude Include="imgui_plot.h">
      <Filter>Game Files\ImGui</Filter>
    </ClInclude>
    <ClInclude Include="imstb_rectpack.h">
      <Filter>Game Files\ImGui</Filter>
    </ClInclude>
    <ClInclude Include="imstb_textedit.h">
      <Filter>Game Files\ImGui</Filter>
    </ClInclude>
    <ClInclude Include="imstb_truetype.h">
      <Filter>Game Files\ImGui</Filter>
    </ClInclude>
    <ClInclude Include="FPSComponent.h">
      <Filter>Game Files\Components</Filter>
    </ClInclude>
    <ClInclude Include="InputComponent.h">
      <Filter>Game Files\Components</Filter>
    </ClInclude>
    <ClInclude Include="TextureComponent.h">
      <Filter>Game Files\Components</Filter>
    </ClInclude>
    <ClInclude Include="Command.h">
      <Filter>Game Files\Commands</Filter>
    </ClInclude>
    <ClInclude Include="GameObjectCommand.h">
      <Filter>Game Files\Commands</Filter>
    </ClInclude>
    <ClInclude Include="MoveCommand.h">
      <Filter>Game Files\Commands</Filter>
    </ClInclude>
    <ClInclude Include="MyUtils.h">
      <Filter>Header Files</Filter>
    </ClInclude>
    <ClInclude Include="Controller.h">
      <Filter>Header Files</Filter>
    </ClInclude>
    <ClInclude Include="TextComponent.h">
      <Filter>Game Files\Components\TextComponents</Filter>
    </ClInclude>
    <ClInclude Include="Transform.h">
      <Filter>Game Files\Components\Location</Filter>
    </ClInclude>
    <ClInclude Include="RotatorComponent.h">
      <Filter>Game Files\Components\Location</Filter>
    </ClInclude>
    <ClInclude Include="Component.h">
      <Filter>Game Files\Components\Base</Filter>
    </ClInclude>
    <ClInclude Include="Subject.h">
      <Filter>Game Files\ObserverAndSubjects\Subjects</Filter>
    </ClInclude>
    <ClInclude Include="IObserver.hpp">
      <Filter>Game Files\ObserverAndSubjects\Observers</Filter>
    </ClInclude>
  </ItemGroup>
  <ItemGroup>
    <ClCompile Include="ResourceManager.cpp">
      <Filter>Game Files</Filter>
    </ClCompile>
    <ClCompile Include="Renderer.cpp">
      <Filter>Game Files</Filter>
    </ClCompile>
    <ClCompile Include="Texture2D.cpp">
      <Filter>Game Files</Filter>
    </ClCompile>
    <ClCompile Include="InputManager.cpp">
      <Filter>Game Files</Filter>
    </ClCompile>
    <ClCompile Include="GameObject.cpp">
      <Filter>Game Files</Filter>
    </ClCompile>
    <ClCompile Include="Scene.cpp">
      <Filter>Game Files</Filter>
    </ClCompile>
    <ClCompile Include="SceneManager.cpp">
      <Filter>Game Files</Filter>
    </ClCompile>
    <ClCompile Include="TextObject.cpp">
      <Filter>Game Files</Filter>
    </ClCompile>
    <ClCompile Include="Font.cpp">
      <Filter>Game Files</Filter>
    </ClCompile>
    <ClCompile Include="Minigin.cpp">
      <Filter>Game Files</Filter>
    </ClCompile>
    <ClCompile Include="FPSComponent.cpp">
      <Filter>Game Files\Components</Filter>
    </ClCompile>
    <ClCompile Include="TextureComponent.cpp">
      <Filter>Game Files\Components</Filter>
    </ClCompile>
    <ClCompile Include="RenderComponent.cpp">
      <Filter>Game Files</Filter>
    </ClCompile>
    <ClCompile Include="imgui.cpp">
      <Filter>Game Files\ImGui</Filter>
    </ClCompile>
    <ClCompile Include="imgui_demo.cpp">
      <Filter>Game Files\ImGui</Filter>
    </ClCompile>
    <ClCompile Include="imgui_draw.cpp">
      <Filter>Game Files\ImGui</Filter>
    </ClCompile>
    <ClCompile Include="imgui_impl_opengl2.cpp">
      <Filter>Game Files\ImGui</Filter>
    </ClCompile>
    <ClCompile Include="imgui_impl_sdl2.cpp">
      <Filter>Game Files\ImGui</Filter>
    </ClCompile>
    <ClCompile Include="imgui_plot.cpp">
      <Filter>Game Files\ImGui</Filter>
    </ClCompile>
    <ClCompile Include="imgui_tables.cpp">
      <Filter>Game Files\ImGui</Filter>
    </ClCompile>
    <ClCompile Include="imgui_widgets.cpp">
      <Filter>Game Files\ImGui</Filter>
    </ClCompile>
    <ClCompile Include="InputComponent.cpp">
      <Filter>Game Files\Components</Filter>
    </ClCompile>
    <ClCompile Include="Command.cpp">
      <Filter>Game Files\Commands</Filter>
    </ClCompile>
    <ClCompile Include="GameObjectCommand.cpp">
      <Filter>Game Files\Commands</Filter>
    </ClCompile>
    <ClCompile Include="MoveCommand.cpp">
      <Filter>Game Files\Commands</Filter>
    </ClCompile>
    <ClCompile Include="MyUtils.cpp">
      <Filter>Game Files</Filter>
    </ClCompile>
    <ClCompile Include="Controller.cpp">
      <Filter>Game Files</Filter>
    </ClCompile>
    <ClCompile Include="TextComponent.cpp">
      <Filter>Game Files\Components\TextComponents</Filter>
    </ClCompile>
    <ClCompile Include="Transform.cpp">
      <Filter>Game Files\Components\Location</Filter>
    </ClCompile>
    <ClCompile Include="RotatorComponent.cpp">
      <Filter>Game Files\Components\Location</Filter>
    </ClCompile>
    <ClCompile Include="Component.cpp">
      <Filter>Game Files\Components\Base</Filter>
    </ClCompile>
    <ClCompile Include="Observer.cpp">
      <Filter>Game Files\ObserverAndSubjects\Observers</Filter>
    </ClCompile>
    <ClCompile Include="Subject.cpp">
      <Filter>Game Files\ObserverAndSubjects\Subjects</Filter>
    </ClCompile>
  </ItemGroup>
</Project>